# This file is automatically @generated by Cargo.
# It is not intended for manual editing.
version = 4

[[package]]
name = "bbcat"
version = "0.5.7"
source = "registry+https://github.com/rust-lang/crates.io-index"
checksum = "ada5af9f978713036ed4b0033f92d78558d3ce9ad69bf0fbbf80894acaf1ddfd"

[[package]]
name = "bbcat-thumbnailer"
version = "0.1.0"
dependencies = [
 "bbcat",
]
